
Microsoft Visual Studio Solution File, Format Version 12.00
# Visual Studio Version 17
VisualStudioVersion = 17.14.36429.23
MinimumVisualStudioVersion = 10.0.40219.1
Project("{FAE04EC0-301F-11D3-BF4B-00C04F79EFBC}") = "ToDoListApp.GUI", "ToDoList.GUI\ToDoListApp.GUI.csproj", "{953BF9FC-5546-4507-B5E0-CDE6FD83FDC3}"
EndProject
Project("{FAE04EC0-301F-11D3-BF4B-00C04F79EFBC}") = "TodoListApp.DTO", "TodoListApp.DTO\TodoListApp.DTO.csproj", "{BAEA95AE-C737-4090-972B-8A806F36E639}"
EndProject
Project("{FAE04EC0-301F-11D3-BF4B-00C04F79EFBC}") = "TodoListApp.DAL", "TodoListApp.DAL\TodoListApp.DAL.csproj", "{1D280A8C-0EA8-4029-ADE6-450BC9EB3F66}"
EndProject
Project("{FAE04EC0-301F-11D3-BF4B-00C04F79EFBC}") = "TodoListApp.BUS", "TodoListApp.BUS\TodoListApp.BUS.csproj", "{354CC444-217F-45E5-8D4C-CF1BABD1D987}"
EndProject
Project("{2150E333-8FDC-42A3-9474-1A3956D46DE8}") = "Solution Items", "Solution Items", "{02EA681E-C7D8-13C7-8484-4AC65E1B71E8}"
	ProjectSection(SolutionItems) = preProject
		..\..\..\OneDrive\Документы\SQL Server Management Studio\SQLQuery4.sql = ..\..\..\OneDrive\Документы\SQL Server Management Studio\SQLQuery4.sql
	EndProjectSection
EndProject
Global
	GlobalSection(SolutionConfigurationPlatforms) = preSolution
		Debug|Any CPU = Debug|Any CPU
		Release|Any CPU = Release|Any CPU
	EndGlobalSection
	GlobalSection(ProjectConfigurationPlatforms) = postSolution
		{953BF9FC-5546-4507-B5E0-CDE6FD83FDC3}.Debug|Any CPU.ActiveCfg = Debug|Any CPU
		{953BF9FC-5546-4507-B5E0-CDE6FD83FDC3}.Debug|Any CPU.Build.0 = Debug|Any CPU
		{953BF9FC-5546-4507-B5E0-CDE6FD83FDC3}.Release|Any CPU.ActiveCfg = Release|Any CPU
		{953BF9FC-5546-4507-B5E0-CDE6FD83FDC3}.Release|Any CPU.Build.0 = Release|Any CPU
		{BAEA95AE-C737-4090-972B-8A806F36E639}.Debug|Any CPU.ActiveCfg = Debug|Any CPU
		{BAEA95AE-C737-4090-972B-8A806F36E639}.Debug|Any CPU.Build.0 = Debug|Any CPU
		{BAEA95AE-C737-4090-972B-8A806F36E639}.Release|Any CPU.ActiveCfg = Release|Any CPU
		{BAEA95AE-C737-4090-972B-8A806F36E639}.Release|Any CPU.Build.0 = Release|Any CPU
		{1D280A8C-0EA8-4029-ADE6-450BC9EB3F66}.Debug|Any CPU.ActiveCfg = Debug|Any CPU
		{1D280A8C-0EA8-4029-ADE6-450BC9EB3F66}.Debug|Any CPU.Build.0 = Debug|Any CPU
		{1D280A8C-0EA8-4029-ADE6-450BC9EB3F66}.Release|Any CPU.ActiveCfg = Release|Any CPU
		{1D280A8C-0EA8-4029-ADE6-450BC9EB3F66}.Release|Any CPU.Build.0 = Release|Any CPU
		{354CC444-217F-45E5-8D4C-CF1BABD1D987}.Debug|Any CPU.ActiveCfg = Debug|Any CPU
		{354CC444-217F-45E5-8D4C-CF1BABD1D987}.Debug|Any CPU.Build.0 = Debug|Any CPU
		{354CC444-217F-45E5-8D4C-CF1BABD1D987}.Release|Any CPU.ActiveCfg = Release|Any CPU
		{354CC444-217F-45E5-8D4C-CF1BABD1D987}.Release|Any CPU.Build.0 = Release|Any CPU
	EndGlobalSection
	GlobalSection(SolutionProperties) = preSolution
		HideSolutionNode = FALSE
	EndGlobalSection
	GlobalSection(ExtensibilityGlobals) = postSolution
		SolutionGuid = {C2175BDE-B59C-4E03-A72F-E721A5E62EEF}
	EndGlobalSection
EndGlobal
